{
  "name": "jit",
  "version": "1.0.0",
  "lockfileVersion": 3,
  "requires": true,
  "packages": {
    "": {
      "name": "jit",
      "version": "1.0.0",
      "license": "ISC",
      "dependencies": {
        "@danerieber/jira-get": "^1.0.2",
        "csv-writer": "^1.6.0",
        "dayjs": "^1.11.9"
      }
    },
    "node_modules/@danerieber/jira-get": {
      "version": "1.0.2",
      "resolved": "https://registry.npmjs.org/@danerieber/jira-get/-/jira-get-1.0.2.tgz",
      "integrity": "sha512-Hle+O5GH2j7ncxeAsbc0PDwUIMlPK6uh0G/d+A7p22iz7CSPlndv/AyUB0yenUvD3SY0XyyJ2CAHGQDwy9+q1w=="
    },
    "node_modules/csv-writer": {
      "version": "1.6.0",
      "resolved": "https://registry.npmjs.org/csv-writer/-/csv-writer-1.6.0.tgz",
      "integrity": "sha512-NOx7YDFWEsM/fTRAJjRpPp8t+MKRVvniAg9wQlUKx20MFrPs73WLJhFf5iteqrxNYnsy924K3Iroh3yNHeYd2g=="
    },
    "node_modules/dayjs": {
      "version": "1.11.9",
      "resolved": "https://registry.npmjs.org/dayjs/-/dayjs-1.11.9.tgz",
      "integrity": "sha512-QvzAURSbQ0pKdIye2txOzNaHmxtUBXerpY0FJsFXUMKbIZeFm5ht1LS/jFsrncjnmtv8HsG0W2g6c0zUjZWmpA=="
    }
  }
}
